{
  "name": "gnunae-runtime",
  "version": "1.0.0",
  "lockfileVersion": 3,
  "requires": true,
  "packages": {
    "": {
      "name": "gnunae-runtime",
      "version": "1.0.0",
      "dependencies": {
        "@openai/codex": "^0.89.0",
        "@playwright/mcp": "^0.0.57"
      }
    },
    "node_modules/@openai/codex": {
      "version": "0.89.0",
      "resolved": "https://registry.npmjs.org/@openai/codex/-/codex-0.89.0.tgz",
      "integrity": "sha512-mIX0FLKTT26sWqLcpwb2GvRI89snDNvUbgTxEtrPMP/wXRtYasTLROY0UBL1qLHVrm532mU4RLepNITqBPvAOQ==",
      "license": "Apache-2.0",
      "bin": {
        "codex": "bin/codex.js"
      },
      "engines": {
        "node": ">=16"
      }
    },
    "node_modules/@playwright/mcp": {
      "version": "0.0.57",
      "resolved": "https://registry.npmjs.org/@playwright/mcp/-/mcp-0.0.57.tgz",
      "integrity": "sha512-ESxlwvfQDtryXiviEnDHg1ZOMgutX7hV2LKWqFWsajtULWKtG/QrThR/Y8ZuU330B/TnPsSDo4zDBivAQnq0tQ==",
      "license": "Apache-2.0",
      "dependencies": {
        "minimist": "^1.2.5",
        "playwright": "1.59.0-alpha-1769208470000",
        "playwright-core": "1.59.0-alpha-1769208470000"
      },
      "bin": {
        "mcp": "cli.js",
        "playwright-cli": "playwright-cli.js"
      },
      "engines": {
        "node": ">=18"
      }
    },
    "node_modules/fsevents": {
      "version": "2.3.2",
      "resolved": "https://registry.npmjs.org/fsevents/-/fsevents-2.3.2.tgz",
      "integrity": "sha512-xiqMQR4xAeHTuB9uWm+fFRcIOgKBMiOBP+eXiyT7jsgVCq1bkVygt00oASowB7EdtpOHaaPgKt812P9ab+DDKA==",
      "hasInstallScript": true,
      "license": "MIT",
      "optional": true,
      "os": [
        "darwin"
      ],
      "engines": {
        "node": "^8.16.0 || ^10.6.0 || >=11.0.0"
      }
    },
    "node_modules/minimist": {
      "version": "1.2.8",
      "resolved": "https://registry.npmjs.org/minimist/-/minimist-1.2.8.tgz",
      "integrity": "sha512-2yyAR8qBkN3YuheJanUpWC5U3bb5osDywNB8RzDVlDwDHbocAJveqqj1u8+SVD7jkWT4yvsHCpWqqWqAxb0zCA==",
      "license": "MIT",
      "funding": {
        "url": "https://github.com/sponsors/ljharb"
      }
    },
    "node_modules/playwright": {
      "version": "1.59.0-alpha-1769208470000",
      "resolved": "https://registry.npmjs.org/playwright/-/playwright-1.59.0-alpha-1769208470000.tgz",
      "integrity": "sha512-0I+8Xr4yaCtW7jb/v1Rz2sqO1q1eTRbRzLJQeVbcCcGXnMtjqv4srIAt6iTbx6WsgaFLW9uftn6KZb7mMQ8oFw==",
      "license": "Apache-2.0",
      "dependencies": {
        "playwright-core": "1.59.0-alpha-1769208470000"
      },
      "bin": {
        "playwright": "cli.js"
      },
      "engines": {
        "node": ">=18"
      },
      "optionalDependencies": {
        "fsevents": "2.3.2"
      }
    },
    "node_modules/playwright-core": {
      "version": "1.59.0-alpha-1769208470000",
      "resolved": "https://registry.npmjs.org/playwright-core/-/playwright-core-1.59.0-alpha-1769208470000.tgz",
      "integrity": "sha512-uxLgyuMtaVaLjbXB6NjLturg0pe8VaOJlFx5zYizD7ch24kvOD7CkuYk79PItehG31WIfXEvzrn3A3uQOdZKIw==",
      "license": "Apache-2.0",
      "bin": {
        "playwright-core": "cli.js"
      },
      "engines": {
        "node": ">=18"
      }
    }
  }
}
